
Microsoft Visual Studio Solution File, Format Version 12.00
# Visual Studio 15
VisualStudioVersion = 15.0.28307.271
MinimumVisualStudioVersion = 10.0.40219.1
Project("{9092AA53-FB77-4645-B42D-1CCCA6BD08BD}") = "THY.Ui", "THY.Ui\THY.Ui.njsproj", "{A41451BA-3EC5-432B-86C5-B3EF407D758F}"
EndProject
Project("{FAE04EC0-301F-11D3-BF4B-00C04F79EFBC}") = "THY.Web", "THY.Web\THY.Web.csproj", "{80938B4D-1338-45E8-8409-F3BCC7FF6E03}"
EndProject
Global
	GlobalSection(SolutionConfigurationPlatforms) = preSolution
		Debug|Any CPU = Debug|Any CPU
		Release|Any CPU = Release|Any CPU
	EndGlobalSection
	GlobalSection(ProjectConfigurationPlatforms) = postSolution
		{A41451BA-3EC5-432B-86C5-B3EF407D758F}.Debug|Any CPU.ActiveCfg = Debug|Any CPU
		{A41451BA-3EC5-432B-86C5-B3EF407D758F}.Debug|Any CPU.Build.0 = Debug|Any CPU
		{A41451BA-3EC5-432B-86C5-B3EF407D758F}.Release|Any CPU.ActiveCfg = Release|Any CPU
		{A41451BA-3EC5-432B-86C5-B3EF407D758F}.Release|Any CPU.Build.0 = Release|Any CPU
		{80938B4D-1338-45E8-8409-F3BCC7FF6E03}.Debug|Any CPU.ActiveCfg = Debug|Any CPU
		{80938B4D-1338-45E8-8409-F3BCC7FF6E03}.Debug|Any CPU.Build.0 = Debug|Any CPU
		{80938B4D-1338-45E8-8409-F3BCC7FF6E03}.Release|Any CPU.ActiveCfg = Release|Any CPU
		{80938B4D-1338-45E8-8409-F3BCC7FF6E03}.Release|Any CPU.Build.0 = Release|Any CPU
	EndGlobalSection
	GlobalSection(SolutionProperties) = preSolution
		HideSolutionNode = FALSE
	EndGlobalSection
	GlobalSection(ExtensibilityGlobals) = postSolution
		SolutionGuid = {BDB7CB5B-7646-4828-B46F-CCFE571353B9}
	EndGlobalSection
EndGlobal
